
Microsoft Visual Studio Solution File, Format Version 12.00
# Visual Studio Version 17
VisualStudioVersion = 17.0.32014.148
MinimumVisualStudioVersion = 10.0.40219.1
Project("{FAE04EC0-301F-11D3-BF4B-00C04F79EFBC}") = "Udemy", "Udemy\Udemy.csproj", "{F7859AC5-F06B-4931-BE0F-F7CDB3B8FEE1}"
EndProject
Global
	GlobalSection(SolutionConfigurationPlatforms) = preSolution
		Debug|Any CPU = Debug|Any CPU
		Release|Any CPU = Release|Any CPU
	EndGlobalSection
	GlobalSection(ProjectConfigurationPlatforms) = postSolution
		{F7859AC5-F06B-4931-BE0F-F7CDB3B8FEE1}.Debug|Any CPU.ActiveCfg = Debug|Any CPU
		{F7859AC5-F06B-4931-BE0F-F7CDB3B8FEE1}.Debug|Any CPU.Build.0 = Debug|Any CPU
		{F7859AC5-F06B-4931-BE0F-F7CDB3B8FEE1}.Release|Any CPU.ActiveCfg = Release|Any CPU
		{F7859AC5-F06B-4931-BE0F-F7CDB3B8FEE1}.Release|Any CPU.Build.0 = Release|Any CPU
	EndGlobalSection
	GlobalSection(SolutionProperties) = preSolution
		HideSolutionNode = FALSE
	EndGlobalSection
	GlobalSection(ExtensibilityGlobals) = postSolution
		SolutionGuid = {B898904D-5DCC-4464-B865-E1A3F12C50D0}
	EndGlobalSection
EndGlobal
